
Microsoft Visual Studio Solution File, Format Version 12.00
# Visual Studio Version 17
VisualStudioVersion = 17.3.32901.215
MinimumVisualStudioVersion = 10.0.40219.1
Project("{FAE04EC0-301F-11D3-BF4B-00C04F79EFBC}") = "button.41", "button.41\button.41.csproj", "{3D0B789E-AB6B-4300-B29E-18174C791EA5}"
EndProject
Global
	GlobalSection(SolutionConfigurationPlatforms) = preSolution
		Debug|Any CPU = Debug|Any CPU
		Release|Any CPU = Release|Any CPU
	EndGlobalSection
	GlobalSection(ProjectConfigurationPlatforms) = postSolution
		{3D0B789E-AB6B-4300-B29E-18174C791EA5}.Debug|Any CPU.ActiveCfg = Debug|Any CPU
		{3D0B789E-AB6B-4300-B29E-18174C791EA5}.Debug|Any CPU.Build.0 = Debug|Any CPU
		{3D0B789E-AB6B-4300-B29E-18174C791EA5}.Release|Any CPU.ActiveCfg = Release|Any CPU
		{3D0B789E-AB6B-4300-B29E-18174C791EA5}.Release|Any CPU.Build.0 = Release|Any CPU
	EndGlobalSection
	GlobalSection(SolutionProperties) = preSolution
		HideSolutionNode = FALSE
	EndGlobalSection
	GlobalSection(ExtensibilityGlobals) = postSolution
		SolutionGuid = {5591D02E-1316-44C6-B1E8-ABC9AF6C7A32}
	EndGlobalSection
EndGlobal
